// !$*UTF8*$!
{
	archiveVersion = 1;
	classes = {
	};
	objectVersion = 56;
	objects = {

/* Begin PBXBuildFile section */
		EA9BDF112B1DD56F003D6DE4 /* AppDelegate.swift in Sources */ = {isa = PBXBuildFile; fileRef = EA9BDF102B1DD56F003D6DE4 /* AppDelegate.swift */; };
		EA9BDF132B1DD56F003D6DE4 /* SceneDelegate.swift in Sources */ = {isa = PBXBuildFile; fileRef = EA9BDF122B1DD56F003D6DE4 /* SceneDelegate.swift */; };
		EA9BDF182B1DD56F003D6DE4 /* Main.storyboard in Resources */ = {isa = PBXBuildFile; fileRef = EA9BDF162B1DD56F003D6DE4 /* Main.storyboard */; };
		EA9BDF1A2B1DD570003D6DE4 /* Assets.xcassets in Resources */ = {isa = PBXBuildFile; fileRef = EA9BDF192B1DD570003D6DE4 /* Assets.xcassets */; };
		EA9BDF1D2B1DD570003D6DE4 /* LaunchScreen.storyboard in Resources */ = {isa = PBXBuildFile; fileRef = EA9BDF1B2B1DD570003D6DE4 /* LaunchScreen.storyboard */; };
		EA9BDF252B1DD94C003D6DE4 /* CategoryTableViewController.swift in Sources */ = {isa = PBXBuildFile; fileRef = EA9BDF242B1DD94C003D6DE4 /* CategoryTableViewController.swift */; };
		EA9BDF272B1DD956003D6DE4 /* MenuTableViewController.swift in Sources */ = {isa = PBXBuildFile; fileRef = EA9BDF262B1DD956003D6DE4 /* MenuTableViewController.swift */; };
		EA9BDF2B2B1DDB1C003D6DE4 /* MenuItemDetailViewController.swift in Sources */ = {isa = PBXBuildFile; fileRef = EA9BDF2A2B1DDB1C003D6DE4 /* MenuItemDetailViewController.swift */; };
		EA9BDF2D2B1DDB85003D6DE4 /* MenuItem.swift in Sources */ = {isa = PBXBuildFile; fileRef = EA9BDF2C2B1DDB85003D6DE4 /* MenuItem.swift */; };
		EA9BDF2F2B1DDD91003D6DE4 /* MenuController.swift in Sources */ = {isa = PBXBuildFile; fileRef = EA9BDF2E2B1DDD91003D6DE4 /* MenuController.swift */; };
		EAE65BA72B3237CA00961DD9 /* OrderTableViewController.swift in Sources */ = {isa = PBXBuildFile; fileRef = EAE65BA62B3237CA00961DD9 /* OrderTableViewController.swift */; };
		EAE65BA92B32645600961DD9 /* OrderConfirmationViewController.swift in Sources */ = {isa = PBXBuildFile; fileRef = EAE65BA82B32645600961DD9 /* OrderConfirmationViewController.swift */; };
		EAE65BAB2B32918B00961DD9 /* MenuItemCell.swift in Sources */ = {isa = PBXBuildFile; fileRef = EAE65BAA2B32918B00961DD9 /* MenuItemCell.swift */; };
/* End PBXBuildFile section */

/* Begin PBXFileReference section */
		EA9BDF0D2B1DD56F003D6DE4 /* OrderApp.app */ = {isa = PBXFileReference; explicitFileType = wrapper.application; includeInIndex = 0; path = OrderApp.app; sourceTree = BUILT_PRODUCTS_DIR; };
		EA9BDF102B1DD56F003D6DE4 /* AppDelegate.swift */ = {isa = PBXFileReference; lastKnownFileType = sourcecode.swift; path = AppDelegate.swift; sourceTree = "<group>"; };
		EA9BDF122B1DD56F003D6DE4 /* SceneDelegate.swift */ = {isa = PBXFileReference; lastKnownFileType = sourcecode.swift; path = SceneDelegate.swift; sourceTree = "<group>"; };
		EA9BDF172B1DD56F003D6DE4 /* Base */ = {isa = PBXFileReference; lastKnownFileType = file.storyboard; name = Base; path = Base.lproj/Main.storyboard; sourceTree = "<group>"; };
		EA9BDF192B1DD570003D6DE4 /* Assets.xcassets */ = {isa = PBXFileReference; lastKnownFileType = folder.assetcatalog; path = Assets.xcassets; sourceTree = "<group>"; };
		EA9BDF1C2B1DD570003D6DE4 /* Base */ = {isa = PBXFileReference; lastKnownFileType = file.storyboard; name = Base; path = Base.lproj/LaunchScreen.storyboard; sourceTree = "<group>"; };
		EA9BDF1E2B1DD570003D6DE4 /* Info.plist */ = {isa = PBXFileReference; lastKnownFileType = text.plist.xml; path = Info.plist; sourceTree = "<group>"; };
		EA9BDF242B1DD94C003D6DE4 /* CategoryTableViewController.swift */ = {isa = PBXFileReference; lastKnownFileType = sourcecode.swift; path = CategoryTableViewController.swift; sourceTree = "<group>"; };
		EA9BDF262B1DD956003D6DE4 /* MenuTableViewController.swift */ = {isa = PBXFileReference; lastKnownFileType = sourcecode.swift; path = MenuTableViewController.swift; sourceTree = "<group>"; };
		EA9BDF2A2B1DDB1C003D6DE4 /* MenuItemDetailViewController.swift */ = {isa = PBXFileReference; lastKnownFileType = sourcecode.swift; path = MenuItemDetailViewController.swift; sourceTree = "<group>"; };
		EA9BDF2C2B1DDB85003D6DE4 /* MenuItem.swift */ = {isa = PBXFileReference; lastKnownFileType = sourcecode.swift; path = MenuItem.swift; sourceTree = "<group>"; };
		EA9BDF2E2B1DDD91003D6DE4 /* MenuController.swift */ = {isa = PBXFileReference; lastKnownFileType = sourcecode.swift; path = MenuController.swift; sourceTree = "<group>"; };
		EAE65BA62B3237CA00961DD9 /* OrderTableViewController.swift */ = {isa = PBXFileReference; lastKnownFileType = sourcecode.swift; path = OrderTableViewController.swift; sourceTree = "<group>"; };
		EAE65BA82B32645600961DD9 /* OrderConfirmationViewController.swift */ = {isa = PBXFileReference; lastKnownFileType = sourcecode.swift; path = OrderConfirmationViewController.swift; sourceTree = "<group>"; };
		EAE65BAA2B32918B00961DD9 /* MenuItemCell.swift */ = {isa = PBXFileReference; lastKnownFileType = sourcecode.swift; path = MenuItemCell.swift; sourceTree = "<group>"; };
/* End PBXFileReference section */

/* Begin PBXFrameworksBuildPhase section */
		EA9BDF0A2B1DD56F003D6DE4 /* Frameworks */ = {
			isa = PBXFrameworksBuildPhase;
			buildActionMask = 2147483647;
			files = (
			);
			runOnlyForDeploymentPostprocessing = 0;
		};
/* End PBXFrameworksBuildPhase section */

/* Begin PBXGroup section */
		EA9BDF042B1DD56F003D6DE4 = {
			isa = PBXGroup;
			children = (
				EAE65BAA2B32918B00961DD9 /* MenuItemCell.swift */,
				EAE65BA82B32645600961DD9 /* OrderConfirmationViewController.swift */,
				EA9BDF2E2B1DDD91003D6DE4 /* MenuController.swift */,
				EA9BDF2C2B1DDB85003D6DE4 /* MenuItem.swift */,
				EA9BDF0F2B1DD56F003D6DE4 /* OrderApp */,
				EA9BDF0E2B1DD56F003D6DE4 /* Products */,
			);
			sourceTree = "<group>";
		};
		EA9BDF0E2B1DD56F003D6DE4 /* Products */ = {
			isa = PBXGroup;
			children = (
				EA9BDF0D2B1DD56F003D6DE4 /* OrderApp.app */,
			);
			name = Products;
			sourceTree = "<group>";
		};
		EA9BDF0F2B1DD56F003D6DE4 /* OrderApp */ = {
			isa = PBXGroup;
			children = (
				EA9BDF2A2B1DDB1C003D6DE4 /* MenuItemDetailViewController.swift */,
				EAE65BA62B3237CA00961DD9 /* OrderTableViewController.swift */,
				EA9BDF242B1DD94C003D6DE4 /* CategoryTableViewController.swift */,
				EA9BDF262B1DD956003D6DE4 /* MenuTableViewController.swift */,
				EA9BDF102B1DD56F003D6DE4 /* AppDelegate.swift */,
				EA9BDF122B1DD56F003D6DE4 /* SceneDelegate.swift */,
				EA9BDF162B1DD56F003D6DE4 /* Main.storyboard */,
				EA9BDF192B1DD570003D6DE4 /* Assets.xcassets */,
				EA9BDF1B2B1DD570003D6DE4 /* LaunchScreen.storyboard */,
				EA9BDF1E2B1DD570003D6DE4 /* Info.plist */,
			);
			path = OrderApp;
			sourceTree = "<group>";
		};
/* End PBXGroup section */

/* Begin PBXNativeTarget section */
		EA9BDF0C2B1DD56F003D6DE4 /* OrderApp */ = {
			isa = PBXNativeTarget;
			buildConfigurationList = EA9BDF212B1DD570003D6DE4 /* Build configuration list for PBXNativeTarget "OrderApp" */;
			buildPhases = (
				EA9BDF092B1DD56F003D6DE4 /* Sources */,
				EA9BDF0A2B1DD56F003D6DE4 /* Frameworks */,
				EA9BDF0B2B1DD56F003D6DE4 /* Resources */,
			);
			buildRules = (
			);
			dependencies = (
			);
			name = OrderApp;
			productName = OrderApp;
			productReference = EA9BDF0D2B1DD56F003D6DE4 /* OrderApp.app */;
			productType = "com.apple.product-type.application";
		};
/* End PBXNativeTarget section */

/* Begin PBXProject section */
		EA9BDF052B1DD56F003D6DE4 /* Project object */ = {
			isa = PBXProject;
			attributes = {
				BuildIndependentTargetsInParallel = 1;
				LastSwiftUpdateCheck = 1500;
				LastUpgradeCheck = 1500;
				TargetAttributes = {
					EA9BDF0C2B1DD56F003D6DE4 = {
						CreatedOnToolsVersion = 15.0.1;
					};
				};
			};
			buildConfigurationList = EA9BDF082B1DD56F003D6DE4 /* Build configuration list for PBXProject "OrderApp" */;
			compatibilityVersion = "Xcode 14.0";
			developmentRegion = en;
			hasScannedForEncodings = 0;
			knownRegions = (
				en,
				Base,
			);
			mainGroup = EA9BDF042B1DD56F003D6DE4;
			productRefGroup = EA9BDF0E2B1DD56F003D6DE4 /* Products */;
			projectDirPath = "";
			projectRoot = "";
			targets = (
				EA9BDF0C2B1DD56F003D6DE4 /* OrderApp */,
			);
		};
/* End PBXProject section */

/* Begin PBXResourcesBuildPhase section */
		EA9BDF0B2B1DD56F003D6DE4 /* Resources */ = {
			isa = PBXResourcesBuildPhase;
			buildActionMask = 2147483647;
			files = (
				EA9BDF1D2B1DD570003D6DE4 /* LaunchScreen.storyboard in Resources */,
				EA9BDF1A2B1DD570003D6DE4 /* Assets.xcassets in Resources */,
				EA9BDF182B1DD56F003D6DE4 /* Main.storyboard in Resources */,
			);
			runOnlyForDeploymentPostprocessing = 0;
		};
/* End PBXResourcesBuildPhase section */

/* Begin PBXSourcesBuildPhase section */
		EA9BDF092B1DD56F003D6DE4 /* Sources */ = {
			isa = PBXSourcesBuildPhase;
			buildActionMask = 2147483647;
			files = (
				EA9BDF2F2B1DDD91003D6DE4 /* MenuController.swift in Sources */,
				EAE65BA72B3237CA00961DD9 /* OrderTableViewController.swift in Sources */,
				EA9BDF2D2B1DDB85003D6DE4 /* MenuItem.swift in Sources */,
				EAE65BAB2B32918B00961DD9 /* MenuItemCell.swift in Sources */,
				EA9BDF272B1DD956003D6DE4 /* MenuTableViewController.swift in Sources */,
				EA9BDF2B2B1DDB1C003D6DE4 /* MenuItemDetailViewController.swift in Sources */,
				EAE65BA92B32645600961DD9 /* OrderConfirmationViewController.swift in Sources */,
				EA9BDF112B1DD56F003D6DE4 /* AppDelegate.swift in Sources */,
				EA9BDF132B1DD56F003D6DE4 /* SceneDelegate.swift in Sources */,
				EA9BDF252B1DD94C003D6DE4 /* CategoryTableViewController.swift in Sources */,
			);
			runOnlyForDeploymentPostprocessing = 0;
		};
/* End PBXSourcesBuildPhase section */

/* Begin PBXVariantGroup section */
		EA9BDF162B1DD56F003D6DE4 /* Main.storyboard */ = {
			isa = PBXVariantGroup;
			children = (
				EA9BDF172B1DD56F003D6DE4 /* Base */,
			);
			name = Main.storyboard;
			sourceTree = "<group>";
		};
		EA9BDF1B2B1DD570003D6DE4 /* LaunchScreen.storyboard */ = {
			isa = PBXVariantGroup;
			children = (
				EA9BDF1C2B1DD570003D6DE4 /* Base */,
			);
			name = LaunchScreen.storyboard;
			sourceTree = "<group>";
		};
/* End PBXVariantGroup section */

/* Begin XCBuildConfiguration section */
		EA9BDF1F2B1DD570003D6DE4 /* Debug */ = {
			isa = XCBuildConfiguration;
			buildSettings = {
				ALWAYS_SEARCH_USER_PATHS = NO;
				ASSETCATALOG_COMPILER_GENERATE_SWIFT_ASSET_SYMBOL_EXTENSIONS = YES;
				CLANG_ANALYZER_NONNULL = YES;
				CLANG_ANALYZER_NUMBER_OBJECT_CONVERSION = YES_AGGRESSIVE;
				CLANG_CXX_LANGUAGE_STANDARD = "gnu++20";
				CLANG_ENABLE_MODULES = YES;
				CLANG_ENABLE_OBJC_ARC = YES;
				CLANG_ENABLE_OBJC_WEAK = YES;
				CLANG_WARN_BLOCK_CAPTURE_AUTORELEASING = YES;
				CLANG_WARN_BOOL_CONVERSION = YES;
				CLANG_WARN_COMMA = YES;
				CLANG_WARN_CONSTANT_CONVERSION = YES;
				CLANG_WARN_DEPRECATED_OBJC_IMPLEMENTATIONS = YES;
				CLANG_WARN_DIRECT_OBJC_ISA_USAGE = YES_ERROR;
				CLANG_WARN_DOCUMENTATION_COMMENTS = YES;
				CLANG_WARN_EMPTY_BODY = YES;
				CLANG_WARN_ENUM_CONVERSION = YES;
				CLANG_WARN_INFINITE_RECURSION = YES;
				CLANG_WARN_INT_CONVERSION = YES;
				CLANG_WARN_NON_LITERAL_NULL_CONVERSION = YES;
				CLANG_WARN_OBJC_IMPLICIT_RETAIN_SELF = YES;
				CLANG_WARN_OBJC_LITERAL_CONVERSION = YES;
				CLANG_WARN_OBJC_ROOT_CLASS = YES_ERROR;
				CLANG_WARN_QUOTED_INCLUDE_IN_FRAMEWORK_HEADER = YES;
				CLANG_WARN_RANGE_LOOP_ANALYSIS = YES;
				CLANG_WARN_STRICT_PROTOTYPES = YES;
				CLANG_WARN_SUSPICIOUS_MOVE = YES;
				CLANG_WARN_UNGUARDED_AVAILABILITY = YES_AGGRESSIVE;
				CLANG_WARN_UNREACHABLE_CODE = YES;
				CLANG_WARN__DUPLICATE_METHOD_MATCH = YES;
				COPY_PHASE_STRIP = NO;
				DEBUG_INFORMATION_FORMAT = dwarf;
				ENABLE_STRICT_OBJC_MSGSEND = YES;
				ENABLE_TESTABILITY = YES;
				ENABLE_USER_SCRIPT_SANDBOXING = YES;
				GCC_C_LANGUAGE_STANDARD = gnu17;
				GCC_DYNAMIC_NO_PIC = NO;
				GCC_NO_COMMON_BLOCKS = YES;
				GCC_OPTIMIZATION_LEVEL = 0;
				GCC_PREPROCESSOR_DEFINITIONS = (
					"DEBUG=1",
					"$(inherited)",
				);
				GCC_WARN_64_TO_32_BIT_CONVERSION = YES;
				GCC_WARN_ABOUT_RETURN_TYPE = YES_ERROR;
				GCC_WARN_UNDECLARED_SELECTOR = YES;
				GCC_WARN_UNINITIALIZED_AUTOS = YES_AGGRESSIVE;
				GCC_WARN_UNUSED_FUNCTION = YES;
				GCC_WARN_UNUSED_VARIABLE = YES;
				IPHONEOS_DEPLOYMENT_TARGET = 17.0;
				LOCALIZATION_PREFERS_STRING_CATALOGS = YES;
				MTL_ENABLE_DEBUG_INFO = INCLUDE_SOURCE;
				MTL_FAST_MATH = YES;
				ONLY_ACTIVE_ARCH = YES;
				SDKROOT = iphoneos;
				SWIFT_ACTIVE_COMPILATION_CONDITIONS = "DEBUG $(inherited)";
				SWIFT_OPTIMIZATION_LEVEL = "-Onone";
			};
			name = Debug;
		};
		EA9BDF202B1DD570003D6DE4 /* Release */ = {
			isa = XCBuildConfiguration;
			buildSettings = {
				ALWAYS_SEARCH_USER_PATHS = NO;
				ASSETCATALOG_COMPILER_GENERATE_SWIFT_ASSET_SYMBOL_EXTENSIONS = YES;
				CLANG_ANALYZER_NONNULL = YES;
				CLANG_ANALYZER_NUMBER_OBJECT_CONVERSION = YES_AGGRESSIVE;
				CLANG_CXX_LANGUAGE_STANDARD = "gnu++20";
				CLANG_ENABLE_MODULES = YES;
				CLANG_ENABLE_OBJC_ARC = YES;
				CLANG_ENABLE_OBJC_WEAK = YES;
				CLANG_WARN_BLOCK_CAPTURE_AUTORELEASING = YES;
				CLANG_WARN_BOOL_CONVERSION = YES;
				CLANG_WARN_COMMA = YES;
				CLANG_WARN_CONSTANT_CONVERSION = YES;
				CLANG_WARN_DEPRECATED_OBJC_IMPLEMENTATIONS = YES;
				CLANG_WARN_DIRECT_OBJC_ISA_USAGE = YES_ERROR;
				CLANG_WARN_DOCUMENTATION_COMMENTS = YES;
				CLANG_WARN_EMPTY_BODY = YES;
				CLANG_WARN_ENUM_CONVERSION = YES;
				CLANG_WARN_INFINITE_RECURSION = YES;
				CLANG_WARN_INT_CONVERSION = YES;
				CLANG_WARN_NON_LITERAL_NULL_CONVERSION = YES;
				CLANG_WARN_OBJC_IMPLICIT_RETAIN_SELF = YES;
				CLANG_WARN_OBJC_LITERAL_CONVERSION = YES;
				CLANG_WARN_OBJC_ROOT_CLASS = YES_ERROR;
				CLANG_WARN_QUOTED_INCLUDE_IN_FRAMEWORK_HEADER = YES;
				CLANG_WARN_RANGE_LOOP_ANALYSIS = YES;
				CLANG_WARN_STRICT_PROTOTYPES = YES;
				CLANG_WARN_SUSPICIOUS_MOVE = YES;
				CLANG_WARN_UNGUARDED_AVAILABILITY = YES_AGGRESSIVE;
				CLANG_WARN_UNREACHABLE_CODE = YES;
				CLANG_WARN__DUPLICATE_METHOD_MATCH = YES;
				COPY_PHASE_STRIP = NO;
				DEBUG_INFORMATION_FORMAT = "dwarf-with-dsym";
				ENABLE_NS_ASSERTIONS = NO;
				ENABLE_STRICT_OBJC_MSGSEND = YES;
				ENABLE_USER_SCRIPT_SANDBOXING = YES;
				GCC_C_LANGUAGE_STANDARD = gnu17;
				GCC_NO_COMMON_BLOCKS = YES;
				GCC_WARN_64_TO_32_BIT_CONVERSION = YES;
				GCC_WARN_ABOUT_RETURN_TYPE = YES_ERROR;
				GCC_WARN_UNDECLARED_SELECTOR = YES;
				GCC_WARN_UNINITIALIZED_AUTOS = YES_AGGRESSIVE;
				GCC_WARN_UNUSED_FUNCTION = YES;
				GCC_WARN_UNUSED_VARIABLE = YES;
				IPHONEOS_DEPLOYMENT_TARGET = 17.0;
				LOCALIZATION_PREFERS_STRING_CATALOGS = YES;
				MTL_ENABLE_DEBUG_INFO = NO;
				MTL_FAST_MATH = YES;
				SDKROOT = iphoneos;
				SWIFT_COMPILATION_MODE = wholemodule;
				VALIDATE_PRODUCT = YES;
			};
			name = Release;
		};
		EA9BDF222B1DD570003D6DE4 /* Debug */ = {
			isa = XCBuildConfiguration;
			buildSettings = {
				ASSETCATALOG_COMPILER_APPICON_NAME = AppIcon;
				ASSETCATALOG_COMPILER_GLOBAL_ACCENT_COLOR_NAME = AccentColor;
				CODE_SIGN_STYLE = Automatic;
				CURRENT_PROJECT_VERSION = 1;
				DEVELOPMENT_TEAM = 49SY96BT5A;
				GENERATE_INFOPLIST_FILE = YES;
				INFOPLIST_FILE = OrderApp/Info.plist;
				INFOPLIST_KEY_UIApplicationSupportsIndirectInputEvents = YES;
				INFOPLIST_KEY_UILaunchStoryboardName = LaunchScreen;
				INFOPLIST_KEY_UIMainStoryboardFile = Main;
				INFOPLIST_KEY_UISupportedInterfaceOrientations_iPad = "UIInterfaceOrientationPortrait UIInterfaceOrientationPortraitUpsideDown UIInterfaceOrientationLandscapeLeft UIInterfaceOrientationLandscapeRight";
				INFOPLIST_KEY_UISupportedInterfaceOrientations_iPhone = "UIInterfaceOrientationPortrait UIInterfaceOrientationLandscapeLeft UIInterfaceOrientationLandscapeRight";
				LD_RUNPATH_SEARCH_PATHS = (
					"$(inherited)",
					"@executable_path/Frameworks",
				);
				MARKETING_VERSION = 1.0;
				PRODUCT_BUNDLE_IDENTIFIER = ee.OrderApp;
				PRODUCT_NAME = "$(TARGET_NAME)";
				SWIFT_EMIT_LOC_STRINGS = YES;
				SWIFT_VERSION = 5.0;
				TARGETED_DEVICE_FAMILY = "1,2";
			};
			name = Debug;
		};
		EA9BDF232B1DD570003D6DE4 /* Release */ = {
			isa = XCBuildConfiguration;
			buildSettings = {
				ASSETCATALOG_COMPILER_APPICON_NAME = AppIcon;
				ASSETCATALOG_COMPILER_GLOBAL_ACCENT_COLOR_NAME = AccentColor;
				CODE_SIGN_STYLE = Automatic;
				CURRENT_PROJECT_VERSION = 1;
				DEVELOPMENT_TEAM = 49SY96BT5A;
				GENERATE_INFOPLIST_FILE = YES;
				INFOPLIST_FILE = OrderApp/Info.plist;
				INFOPLIST_KEY_UIApplicationSupportsIndirectInputEvents = YES;
				INFOPLIST_KEY_UILaunchStoryboardName = LaunchScreen;
				INFOPLIST_KEY_UIMainStoryboardFile = Main;
				INFOPLIST_KEY_UISupportedInterfaceOrientations_iPad = "UIInterfaceOrientationPortrait UIInterfaceOrientationPortraitUpsideDown UIInterfaceOrientationLandscapeLeft UIInterfaceOrientationLandscapeRight";
				INFOPLIST_KEY_UISupportedInterfaceOrientations_iPhone = "UIInterfaceOrientationPortrait UIInterfaceOrientationLandscapeLeft UIInterfaceOrientationLandscapeRight";
				LD_RUNPATH_SEARCH_PATHS = (
					"$(inherited)",
					"@executable_path/Frameworks",
				);
				MARKETING_VERSION = 1.0;
				PRODUCT_BUNDLE_IDENTIFIER = ee.OrderApp;
				PRODUCT_NAME = "$(TARGET_NAME)";
				SWIFT_EMIT_LOC_STRINGS = YES;
				SWIFT_VERSION = 5.0;
				TARGETED_DEVICE_FAMILY = "1,2";
			};
			name = Release;
		};
/* End XCBuildConfiguration section */

/* Begin XCConfigurationList section */
		EA9BDF082B1DD56F003D6DE4 /* Build configuration list for PBXProject "OrderApp" */ = {
			isa = XCConfigurationList;
			buildConfigurations = (
				EA9BDF1F2B1DD570003D6DE4 /* Debug */,
				EA9BDF202B1DD570003D6DE4 /* Release */,
			);
			defaultConfigurationIsVisible = 0;
			defaultConfigurationName = Release;
		};
		EA9BDF212B1DD570003D6DE4 /* Build configuration list for PBXNativeTarget "OrderApp" */ = {
			isa = XCConfigurationList;
			buildConfigurations = (
				EA9BDF222B1DD570003D6DE4 /* Debug */,
				EA9BDF232B1DD570003D6DE4 /* Release */,
			);
			defaultConfigurationIsVisible = 0;
			defaultConfigurationName = Release;
		};
/* End XCConfigurationList section */
	};
	rootObject = EA9BDF052B1DD56F003D6DE4 /* Project object */;
}
